
Microsoft Visual Studio Solution File, Format Version 12.00
# Visual Studio 15
VisualStudioVersion = 15.0.27703.2026
MinimumVisualStudioVersion = 10.0.40219.1
Project("{FAE04EC0-301F-11D3-BF4B-00C04F79EFBC}") = "Server", "CardGames2\Server.csproj", "{1E0A4996-AB2B-4CAC-BF5D-3A136F9AE733}"
EndProject
Project("{FAE04EC0-301F-11D3-BF4B-00C04F79EFBC}") = "Client", "Client\Client.csproj", "{3773D746-2AC3-4F03-A924-AB49BBB14BF7}"
	ProjectSection(ProjectDependencies) = postProject
		{1E0A4996-AB2B-4CAC-BF5D-3A136F9AE733} = {1E0A4996-AB2B-4CAC-BF5D-3A136F9AE733}
	EndProjectSection
EndProject
Global
	GlobalSection(SolutionConfigurationPlatforms) = preSolution
		Debug|Any CPU = Debug|Any CPU
		Release|Any CPU = Release|Any CPU
	EndGlobalSection
	GlobalSection(ProjectConfigurationPlatforms) = postSolution
		{1E0A4996-AB2B-4CAC-BF5D-3A136F9AE733}.Debug|Any CPU.ActiveCfg = Debug|Any CPU
		{1E0A4996-AB2B-4CAC-BF5D-3A136F9AE733}.Debug|Any CPU.Build.0 = Debug|Any CPU
		{1E0A4996-AB2B-4CAC-BF5D-3A136F9AE733}.Release|Any CPU.ActiveCfg = Release|Any CPU
		{1E0A4996-AB2B-4CAC-BF5D-3A136F9AE733}.Release|Any CPU.Build.0 = Release|Any CPU
		{3773D746-2AC3-4F03-A924-AB49BBB14BF7}.Debug|Any CPU.ActiveCfg = Debug|Any CPU
		{3773D746-2AC3-4F03-A924-AB49BBB14BF7}.Debug|Any CPU.Build.0 = Debug|Any CPU
		{3773D746-2AC3-4F03-A924-AB49BBB14BF7}.Release|Any CPU.ActiveCfg = Release|Any CPU
		{3773D746-2AC3-4F03-A924-AB49BBB14BF7}.Release|Any CPU.Build.0 = Release|Any CPU
	EndGlobalSection
	GlobalSection(SolutionProperties) = preSolution
		HideSolutionNode = FALSE
	EndGlobalSection
	GlobalSection(ExtensibilityGlobals) = postSolution
		SolutionGuid = {2113CAD8-694A-4042-B873-87F60CB49266}
	EndGlobalSection
EndGlobal
